
Microsoft Visual Studio Solution File, Format Version 12.00
# Visual Studio Version 17
VisualStudioVersion = 17.1.32414.318
MinimumVisualStudioVersion = 10.0.40219.1
Project("{FAE04EC0-301F-11D3-BF4B-00C04F79EFBC}") = "InvMgmt-MVC", "InvMgmt-MVC\InvMgmt-MVC.csproj", "{50D20B8D-E6BE-48FD-8480-55D63A7CC5B9}"
EndProject
Global
	GlobalSection(SolutionConfigurationPlatforms) = preSolution
		Debug|Any CPU = Debug|Any CPU
		Release|Any CPU = Release|Any CPU
	EndGlobalSection
	GlobalSection(ProjectConfigurationPlatforms) = postSolution
		{50D20B8D-E6BE-48FD-8480-55D63A7CC5B9}.Debug|Any CPU.ActiveCfg = Debug|Any CPU
		{50D20B8D-E6BE-48FD-8480-55D63A7CC5B9}.Debug|Any CPU.Build.0 = Debug|Any CPU
		{50D20B8D-E6BE-48FD-8480-55D63A7CC5B9}.Release|Any CPU.ActiveCfg = Release|Any CPU
		{50D20B8D-E6BE-48FD-8480-55D63A7CC5B9}.Release|Any CPU.Build.0 = Release|Any CPU
	EndGlobalSection
	GlobalSection(SolutionProperties) = preSolution
		HideSolutionNode = FALSE
	EndGlobalSection
	GlobalSection(ExtensibilityGlobals) = postSolution
		SolutionGuid = {3019600A-39FB-4DC4-9030-6CC97B49E2E9}
	EndGlobalSection
EndGlobal
